// !$*UTF8*$!
{
	archiveVersion = 1;
	classes = {
	};
	objectVersion = 48;
	objects = {

/* Begin PBXBuildFile section */
		7A0D4F2F1F9E6B7100E41FE6 /* HomeSettingsViewController.swift in Sources */ = {isa = PBXBuildFile; fileRef = 7A0D4F2E1F9E6B7100E41FE6 /* HomeSettingsViewController.swift */; };
		7A0D4F311F9FAFA600E41FE6 /* JoinHomeViewController.swift in Sources */ = {isa = PBXBuildFile; fileRef = 7A0D4F301F9FAFA600E41FE6 /* JoinHomeViewController.swift */; };
		7A534D651FA69AE500B3945F /* ServerRequest.swift in Sources */ = {isa = PBXBuildFile; fileRef = 7A534D641FA69AE500B3945F /* ServerRequest.swift */; };
		7A67F1EC1FA1072600CAA6ED /* LoginNoHomeViewController.swift in Sources */ = {isa = PBXBuildFile; fileRef = 7A67F1EB1FA1072600CAA6ED /* LoginNoHomeViewController.swift */; };
		7A7C19F31F951EAA005DADA9 /* SignUpViewController.swift in Sources */ = {isa = PBXBuildFile; fileRef = 7A7C19F21F951EAA005DADA9 /* SignUpViewController.swift */; };
		7A7C19F51F9531ED005DADA9 /* LoginViewController.swift in Sources */ = {isa = PBXBuildFile; fileRef = 7A7C19F41F9531ED005DADA9 /* LoginViewController.swift */; };
		7ACF73581F93B07100EADA8E /* AppDelegate.swift in Sources */ = {isa = PBXBuildFile; fileRef = 7ACF73571F93B07100EADA8E /* AppDelegate.swift */; };
		7ACF735A1F93B07100EADA8E /* SplashScreenViewController.swift in Sources */ = {isa = PBXBuildFile; fileRef = 7ACF73591F93B07100EADA8E /* SplashScreenViewController.swift */; };
		7ACF735D1F93B07100EADA8E /* Main.storyboard in Resources */ = {isa = PBXBuildFile; fileRef = 7ACF735B1F93B07100EADA8E /* Main.storyboard */; };
		7ACF73601F93B07100EADA8E /* LiveBolt.xcdatamodeld in Sources */ = {isa = PBXBuildFile; fileRef = 7ACF735E1F93B07100EADA8E /* LiveBolt.xcdatamodeld */; };
		7ACF73621F93B07100EADA8E /* Assets.xcassets in Resources */ = {isa = PBXBuildFile; fileRef = 7ACF73611F93B07100EADA8E /* Assets.xcassets */; };
		7ACF73651F93B07100EADA8E /* LaunchScreen.storyboard in Resources */ = {isa = PBXBuildFile; fileRef = 7ACF73631F93B07100EADA8E /* LaunchScreen.storyboard */; };
		7ADBBAA11F9D134E004DA505 /* CreateHomeViewController.swift in Sources */ = {isa = PBXBuildFile; fileRef = 7ADBBAA01F9D134E004DA505 /* CreateHomeViewController.swift */; };
		7ADBBAA71F9D23FE004DA505 /* lightning.png in Resources */ = {isa = PBXBuildFile; fileRef = 7ADBBAA61F9D23FE004DA505 /* lightning.png */; };
		7ADBBAA91F9D2427004DA505 /* CheckLoginViewController.swift in Sources */ = {isa = PBXBuildFile; fileRef = 7ADBBAA81F9D2427004DA505 /* CheckLoginViewController.swift */; };
		7ADBBAAB1F9D259F004DA505 /* HomeStatusViewController.swift in Sources */ = {isa = PBXBuildFile; fileRef = 7ADBBAAA1F9D259F004DA505 /* HomeStatusViewController.swift */; };
/* End PBXBuildFile section */

/* Begin PBXFileReference section */
		7A0D4F2E1F9E6B7100E41FE6 /* HomeSettingsViewController.swift */ = {isa = PBXFileReference; lastKnownFileType = sourcecode.swift; path = HomeSettingsViewController.swift; sourceTree = "<group>"; };
		7A0D4F301F9FAFA600E41FE6 /* JoinHomeViewController.swift */ = {isa = PBXFileReference; lastKnownFileType = sourcecode.swift; path = JoinHomeViewController.swift; sourceTree = "<group>"; };
		7A534D641FA69AE500B3945F /* ServerRequest.swift */ = {isa = PBXFileReference; lastKnownFileType = sourcecode.swift; path = ServerRequest.swift; sourceTree = "<group>"; };
		7A67F1EB1FA1072600CAA6ED /* LoginNoHomeViewController.swift */ = {isa = PBXFileReference; lastKnownFileType = sourcecode.swift; path = LoginNoHomeViewController.swift; sourceTree = "<group>"; };
		7A7C19F21F951EAA005DADA9 /* SignUpViewController.swift */ = {isa = PBXFileReference; lastKnownFileType = sourcecode.swift; path = SignUpViewController.swift; sourceTree = "<group>"; };
		7A7C19F41F9531ED005DADA9 /* LoginViewController.swift */ = {isa = PBXFileReference; lastKnownFileType = sourcecode.swift; path = LoginViewController.swift; sourceTree = "<group>"; };
		7ACF73541F93B07100EADA8E /* LiveBolt.app */ = {isa = PBXFileReference; explicitFileType = wrapper.application; includeInIndex = 0; path = LiveBolt.app; sourceTree = BUILT_PRODUCTS_DIR; };
		7ACF73571F93B07100EADA8E /* AppDelegate.swift */ = {isa = PBXFileReference; lastKnownFileType = sourcecode.swift; path = AppDelegate.swift; sourceTree = "<group>"; };
		7ACF73591F93B07100EADA8E /* SplashScreenViewController.swift */ = {isa = PBXFileReference; lastKnownFileType = sourcecode.swift; path = SplashScreenViewController.swift; sourceTree = "<group>"; };
		7ACF735C1F93B07100EADA8E /* Base */ = {isa = PBXFileReference; lastKnownFileType = file.storyboard; name = Base; path = Base.lproj/Main.storyboard; sourceTree = "<group>"; };
		7ACF735F1F93B07100EADA8E /* LiveBolt.xcdatamodel */ = {isa = PBXFileReference; lastKnownFileType = wrapper.xcdatamodel; path = LiveBolt.xcdatamodel; sourceTree = "<group>"; };
		7ACF73611F93B07100EADA8E /* Assets.xcassets */ = {isa = PBXFileReference; lastKnownFileType = folder.assetcatalog; path = Assets.xcassets; sourceTree = "<group>"; };
		7ACF73641F93B07100EADA8E /* Base */ = {isa = PBXFileReference; lastKnownFileType = file.storyboard; name = Base; path = Base.lproj/LaunchScreen.storyboard; sourceTree = "<group>"; };
		7ACF73661F93B07100EADA8E /* Info.plist */ = {isa = PBXFileReference; lastKnownFileType = text.plist.xml; path = Info.plist; sourceTree = "<group>"; };
		7ADBBAA01F9D134E004DA505 /* CreateHomeViewController.swift */ = {isa = PBXFileReference; lastKnownFileType = sourcecode.swift; path = CreateHomeViewController.swift; sourceTree = "<group>"; };
		7ADBBAA61F9D23FE004DA505 /* lightning.png */ = {isa = PBXFileReference; lastKnownFileType = image.png; path = lightning.png; sourceTree = "<group>"; };
		7ADBBAA81F9D2427004DA505 /* CheckLoginViewController.swift */ = {isa = PBXFileReference; lastKnownFileType = sourcecode.swift; path = CheckLoginViewController.swift; sourceTree = "<group>"; };
		7ADBBAAA1F9D259F004DA505 /* HomeStatusViewController.swift */ = {isa = PBXFileReference; lastKnownFileType = sourcecode.swift; path = HomeStatusViewController.swift; sourceTree = "<group>"; };
		7AEB7D651FA0FCE8004D298F /* AppIcon.appiconset */ = {isa = PBXFileReference; lastKnownFileType = folder; name = AppIcon.appiconset; path = ../../../../Desktop/ios/AppIcon.appiconset; sourceTree = "<group>"; };
/* End PBXFileReference section */

/* Begin PBXFrameworksBuildPhase section */
		7ACF73511F93B07100EADA8E /* Frameworks */ = {
			isa = PBXFrameworksBuildPhase;
			buildActionMask = 2147483647;
			files = (
			);
			runOnlyForDeploymentPostprocessing = 0;
		};
/* End PBXFrameworksBuildPhase section */

/* Begin PBXGroup section */
		7ACF734B1F93B07100EADA8E = {
			isa = PBXGroup;
			children = (
				7ACF73561F93B07100EADA8E /* LiveBolt */,
				7ACF73551F93B07100EADA8E /* Products */,
			);
			sourceTree = "<group>";
		};
		7ACF73551F93B07100EADA8E /* Products */ = {
			isa = PBXGroup;
			children = (
				7ACF73541F93B07100EADA8E /* LiveBolt.app */,
			);
			name = Products;
			sourceTree = "<group>";
		};
		7ACF73561F93B07100EADA8E /* LiveBolt */ = {
			isa = PBXGroup;
			children = (
				7ACF73571F93B07100EADA8E /* AppDelegate.swift */,
				7ACF73591F93B07100EADA8E /* SplashScreenViewController.swift */,
				7ACF735B1F93B07100EADA8E /* Main.storyboard */,
				7ACF73611F93B07100EADA8E /* Assets.xcassets */,
				7AEB7D651FA0FCE8004D298F /* AppIcon.appiconset */,
				7ADBBAA61F9D23FE004DA505 /* lightning.png */,
				7ACF73631F93B07100EADA8E /* LaunchScreen.storyboard */,
				7ACF73661F93B07100EADA8E /* Info.plist */,
				7ACF735E1F93B07100EADA8E /* LiveBolt.xcdatamodeld */,
				7A7C19F21F951EAA005DADA9 /* SignUpViewController.swift */,
				7A7C19F41F9531ED005DADA9 /* LoginViewController.swift */,
				7ADBBAA01F9D134E004DA505 /* CreateHomeViewController.swift */,
				7ADBBAA81F9D2427004DA505 /* CheckLoginViewController.swift */,
				7ADBBAAA1F9D259F004DA505 /* HomeStatusViewController.swift */,
				7A0D4F2E1F9E6B7100E41FE6 /* HomeSettingsViewController.swift */,
				7A0D4F301F9FAFA600E41FE6 /* JoinHomeViewController.swift */,
				7A67F1EB1FA1072600CAA6ED /* LoginNoHomeViewController.swift */,
				7A534D641FA69AE500B3945F /* ServerRequest.swift */,
			);
			path = LiveBolt;
			sourceTree = "<group>";
		};
/* End PBXGroup section */

/* Begin PBXNativeTarget section */
		7ACF73531F93B07100EADA8E /* LiveBolt */ = {
			isa = PBXNativeTarget;
			buildConfigurationList = 7ACF73691F93B07100EADA8E /* Build configuration list for PBXNativeTarget "LiveBolt" */;
			buildPhases = (
				7ACF73501F93B07100EADA8E /* Sources */,
				7ACF73511F93B07100EADA8E /* Frameworks */,
				7ACF73521F93B07100EADA8E /* Resources */,
			);
			buildRules = (
			);
			dependencies = (
			);
			name = LiveBolt;
			productName = LiveBolt;
			productReference = 7ACF73541F93B07100EADA8E /* LiveBolt.app */;
			productType = "com.apple.product-type.application";
		};
/* End PBXNativeTarget section */

/* Begin PBXProject section */
		7ACF734C1F93B07100EADA8E /* Project object */ = {
			isa = PBXProject;
			attributes = {
				LastSwiftUpdateCheck = 0900;
				LastUpgradeCheck = 0900;
				ORGANIZATIONNAME = Becker;
				TargetAttributes = {
					7ACF73531F93B07100EADA8E = {
						CreatedOnToolsVersion = 9.0;
						ProvisioningStyle = Automatic;
					};
				};
			};
			buildConfigurationList = 7ACF734F1F93B07100EADA8E /* Build configuration list for PBXProject "LiveBolt" */;
			compatibilityVersion = "Xcode 8.0";
			developmentRegion = en;
			hasScannedForEncodings = 0;
			knownRegions = (
				en,
				Base,
			);
			mainGroup = 7ACF734B1F93B07100EADA8E;
			productRefGroup = 7ACF73551F93B07100EADA8E /* Products */;
			projectDirPath = "";
			projectRoot = "";
			targets = (
				7ACF73531F93B07100EADA8E /* LiveBolt */,
			);
		};
/* End PBXProject section */

/* Begin PBXResourcesBuildPhase section */
		7ACF73521F93B07100EADA8E /* Resources */ = {
			isa = PBXResourcesBuildPhase;
			buildActionMask = 2147483647;
			files = (
				7ADBBAA71F9D23FE004DA505 /* lightning.png in Resources */,
				7ACF73651F93B07100EADA8E /* LaunchScreen.storyboard in Resources */,
				7ACF73621F93B07100EADA8E /* Assets.xcassets in Resources */,
				7ACF735D1F93B07100EADA8E /* Main.storyboard in Resources */,
			);
			runOnlyForDeploymentPostprocessing = 0;
		};
/* End PBXResourcesBuildPhase section */

/* Begin PBXSourcesBuildPhase section */
		7ACF73501F93B07100EADA8E /* Sources */ = {
			isa = PBXSourcesBuildPhase;
			buildActionMask = 2147483647;
			files = (
				7A7C19F31F951EAA005DADA9 /* SignUpViewController.swift in Sources */,
				7A67F1EC1FA1072600CAA6ED /* LoginNoHomeViewController.swift in Sources */,
				7ACF73601F93B07100EADA8E /* LiveBolt.xcdatamodeld in Sources */,
				7ACF735A1F93B07100EADA8E /* SplashScreenViewController.swift in Sources */,
				7ADBBAA11F9D134E004DA505 /* CreateHomeViewController.swift in Sources */,
				7A7C19F51F9531ED005DADA9 /* LoginViewController.swift in Sources */,
				7A534D651FA69AE500B3945F /* ServerRequest.swift in Sources */,
				7A0D4F311F9FAFA600E41FE6 /* JoinHomeViewController.swift in Sources */,
				7A0D4F2F1F9E6B7100E41FE6 /* HomeSettingsViewController.swift in Sources */,
				7ADBBAAB1F9D259F004DA505 /* HomeStatusViewController.swift in Sources */,
				7ACF73581F93B07100EADA8E /* AppDelegate.swift in Sources */,
				7ADBBAA91F9D2427004DA505 /* CheckLoginViewController.swift in Sources */,
			);
			runOnlyForDeploymentPostprocessing = 0;
		};
/* End PBXSourcesBuildPhase section */

/* Begin PBXVariantGroup section */
		7ACF735B1F93B07100EADA8E /* Main.storyboard */ = {
			isa = PBXVariantGroup;
			children = (
				7ACF735C1F93B07100EADA8E /* Base */,
			);
			name = Main.storyboard;
			sourceTree = "<group>";
		};
		7ACF73631F93B07100EADA8E /* LaunchScreen.storyboard */ = {
			isa = PBXVariantGroup;
			children = (
				7ACF73641F93B07100EADA8E /* Base */,
			);
			name = LaunchScreen.storyboard;
			sourceTree = "<group>";
		};
/* End PBXVariantGroup section */

/* Begin XCBuildConfiguration section */
		7ACF73671F93B07100EADA8E /* Debug */ = {
			isa = XCBuildConfiguration;
			buildSettings = {
				ALWAYS_SEARCH_USER_PATHS = NO;
				CLANG_ANALYZER_NONNULL = YES;
				CLANG_ANALYZER_NUMBER_OBJECT_CONVERSION = YES_AGGRESSIVE;
				CLANG_CXX_LANGUAGE_STANDARD = "gnu++14";
				CLANG_CXX_LIBRARY = "libc++";
				CLANG_ENABLE_MODULES = YES;
				CLANG_ENABLE_OBJC_ARC = YES;
				CLANG_WARN_BLOCK_CAPTURE_AUTORELEASING = YES;
				CLANG_WARN_BOOL_CONVERSION = YES;
				CLANG_WARN_COMMA = YES;
				CLANG_WARN_CONSTANT_CONVERSION = YES;
				CLANG_WARN_DIRECT_OBJC_ISA_USAGE = YES_ERROR;
				CLANG_WARN_DOCUMENTATION_COMMENTS = YES;
				CLANG_WARN_EMPTY_BODY = YES;
				CLANG_WARN_ENUM_CONVERSION = YES;
				CLANG_WARN_INFINITE_RECURSION = YES;
				CLANG_WARN_INT_CONVERSION = YES;
				CLANG_WARN_NON_LITERAL_NULL_CONVERSION = YES;
				CLANG_WARN_OBJC_LITERAL_CONVERSION = YES;
				CLANG_WARN_OBJC_ROOT_CLASS = YES_ERROR;
				CLANG_WARN_RANGE_LOOP_ANALYSIS = YES;
				CLANG_WARN_STRICT_PROTOTYPES = YES;
				CLANG_WARN_SUSPICIOUS_MOVE = YES;
				CLANG_WARN_UNGUARDED_AVAILABILITY = YES_AGGRESSIVE;
				CLANG_WARN_UNREACHABLE_CODE = YES;
				CLANG_WARN__DUPLICATE_METHOD_MATCH = YES;
				CODE_SIGN_IDENTITY = "iPhone Developer";
				COPY_PHASE_STRIP = NO;
				DEBUG_INFORMATION_FORMAT = dwarf;
				ENABLE_STRICT_OBJC_MSGSEND = YES;
				ENABLE_TESTABILITY = YES;
				GCC_C_LANGUAGE_STANDARD = gnu11;
				GCC_DYNAMIC_NO_PIC = NO;
				GCC_NO_COMMON_BLOCKS = YES;
				GCC_OPTIMIZATION_LEVEL = 0;
				GCC_PREPROCESSOR_DEFINITIONS = (
					"DEBUG=1",
					"$(inherited)",
				);
				GCC_WARN_64_TO_32_BIT_CONVERSION = YES;
				GCC_WARN_ABOUT_RETURN_TYPE = YES_ERROR;
				GCC_WARN_UNDECLARED_SELECTOR = YES;
				GCC_WARN_UNINITIALIZED_AUTOS = YES_AGGRESSIVE;
				GCC_WARN_UNUSED_FUNCTION = YES;
				GCC_WARN_UNUSED_VARIABLE = YES;
				IPHONEOS_DEPLOYMENT_TARGET = 11.0;
				MTL_ENABLE_DEBUG_INFO = YES;
				ONLY_ACTIVE_ARCH = YES;
				SDKROOT = iphoneos;
				SWIFT_ACTIVE_COMPILATION_CONDITIONS = DEBUG;
				SWIFT_OPTIMIZATION_LEVEL = "-Onone";
			};
			name = Debug;
		};
		7ACF73681F93B07100EADA8E /* Release */ = {
			isa = XCBuildConfiguration;
			buildSettings = {
				ALWAYS_SEARCH_USER_PATHS = NO;
				CLANG_ANALYZER_NONNULL = YES;
				CLANG_ANALYZER_NUMBER_OBJECT_CONVERSION = YES_AGGRESSIVE;
				CLANG_CXX_LANGUAGE_STANDARD = "gnu++14";
				CLANG_CXX_LIBRARY = "libc++";
				CLANG_ENABLE_MODULES = YES;
				CLANG_ENABLE_OBJC_ARC = YES;
				CLANG_WARN_BLOCK_CAPTURE_AUTORELEASING = YES;
				CLANG_WARN_BOOL_CONVERSION = YES;
				CLANG_WARN_COMMA = YES;
				CLANG_WARN_CONSTANT_CONVERSION = YES;
				CLANG_WARN_DIRECT_OBJC_ISA_USAGE = YES_ERROR;
				CLANG_WARN_DOCUMENTATION_COMMENTS = YES;
				CLANG_WARN_EMPTY_BODY = YES;
				CLANG_WARN_ENUM_CONVERSION = YES;
				CLANG_WARN_INFINITE_RECURSION = YES;
				CLANG_WARN_INT_CONVERSION = YES;
				CLANG_WARN_NON_LITERAL_NULL_CONVERSION = YES;
				CLANG_WARN_OBJC_LITERAL_CONVERSION = YES;
				CLANG_WARN_OBJC_ROOT_CLASS = YES_ERROR;
				CLANG_WARN_RANGE_LOOP_ANALYSIS = YES;
				CLANG_WARN_STRICT_PROTOTYPES = YES;
				CLANG_WARN_SUSPICIOUS_MOVE = YES;
				CLANG_WARN_UNGUARDED_AVAILABILITY = YES_AGGRESSIVE;
				CLANG_WARN_UNREACHABLE_CODE = YES;
				CLANG_WARN__DUPLICATE_METHOD_MATCH = YES;
				CODE_SIGN_IDENTITY = "iPhone Developer";
				COPY_PHASE_STRIP = NO;
				DEBUG_INFORMATION_FORMAT = "dwarf-with-dsym";
				ENABLE_NS_ASSERTIONS = NO;
				ENABLE_STRICT_OBJC_MSGSEND = YES;
				GCC_C_LANGUAGE_STANDARD = gnu11;
				GCC_NO_COMMON_BLOCKS = YES;
				GCC_WARN_64_TO_32_BIT_CONVERSION = YES;
				GCC_WARN_ABOUT_RETURN_TYPE = YES_ERROR;
				GCC_WARN_UNDECLARED_SELECTOR = YES;
				GCC_WARN_UNINITIALIZED_AUTOS = YES_AGGRESSIVE;
				GCC_WARN_UNUSED_FUNCTION = YES;
				GCC_WARN_UNUSED_VARIABLE = YES;
				IPHONEOS_DEPLOYMENT_TARGET = 11.0;
				MTL_ENABLE_DEBUG_INFO = NO;
				SDKROOT = iphoneos;
				SWIFT_OPTIMIZATION_LEVEL = "-Owholemodule";
				VALIDATE_PRODUCT = YES;
			};
			name = Release;
		};
		7ACF736A1F93B07100EADA8E /* Debug */ = {
			isa = XCBuildConfiguration;
			buildSettings = {
				ASSETCATALOG_COMPILER_APPICON_NAME = AppIcon;
				CODE_SIGN_STYLE = Automatic;
				DEVELOPMENT_TEAM = 962T2Z29F2;
				INFOPLIST_FILE = LiveBolt/Info.plist;
				LD_RUNPATH_SEARCH_PATHS = "$(inherited) @executable_path/Frameworks";
				PRODUCT_BUNDLE_IDENTIFIER = Becker.LiveBolt;
				PRODUCT_NAME = "$(TARGET_NAME)";
				SWIFT_VERSION = 4.0;
				TARGETED_DEVICE_FAMILY = "1,2";
			};
			name = Debug;
		};
		7ACF736B1F93B07100EADA8E /* Release */ = {
			isa = XCBuildConfiguration;
			buildSettings = {
				ASSETCATALOG_COMPILER_APPICON_NAME = AppIcon;
				CODE_SIGN_STYLE = Automatic;
				DEVELOPMENT_TEAM = 962T2Z29F2;
				INFOPLIST_FILE = LiveBolt/Info.plist;
				LD_RUNPATH_SEARCH_PATHS = "$(inherited) @executable_path/Frameworks";
				PRODUCT_BUNDLE_IDENTIFIER = Becker.LiveBolt;
				PRODUCT_NAME = "$(TARGET_NAME)";
				SWIFT_VERSION = 4.0;
				TARGETED_DEVICE_FAMILY = "1,2";
			};
			name = Release;
		};
/* End XCBuildConfiguration section */

/* Begin XCConfigurationList section */
		7ACF734F1F93B07100EADA8E /* Build configuration list for PBXProject "LiveBolt" */ = {
			isa = XCConfigurationList;
			buildConfigurations = (
				7ACF73671F93B07100EADA8E /* Debug */,
				7ACF73681F93B07100EADA8E /* Release */,
			);
			defaultConfigurationIsVisible = 0;
			defaultConfigurationName = Release;
		};
		7ACF73691F93B07100EADA8E /* Build configuration list for PBXNativeTarget "LiveBolt" */ = {
			isa = XCConfigurationList;
			buildConfigurations = (
				7ACF736A1F93B07100EADA8E /* Debug */,
				7ACF736B1F93B07100EADA8E /* Release */,
			);
			defaultConfigurationIsVisible = 0;
			defaultConfigurationName = Release;
		};
/* End XCConfigurationList section */

/* Begin XCVersionGroup section */
		7ACF735E1F93B07100EADA8E /* LiveBolt.xcdatamodeld */ = {
			isa = XCVersionGroup;
			children = (
				7ACF735F1F93B07100EADA8E /* LiveBolt.xcdatamodel */,
			);
			currentVersion = 7ACF735F1F93B07100EADA8E /* LiveBolt.xcdatamodel */;
			path = LiveBolt.xcdatamodeld;
			sourceTree = "<group>";
			versionGroupType = wrapper.xcdatamodel;
		};
/* End XCVersionGroup section */
	};
	rootObject = 7ACF734C1F93B07100EADA8E /* Project object */;
}
